
Microsoft Visual Studio Solution File, Format Version 12.00
# Visual Studio Version 16
VisualStudioVersion = 16.0.29201.188
MinimumVisualStudioVersion = 10.0.40219.1
Project("{FAE04EC0-301F-11D3-BF4B-00C04F79EFBC}") = "Projeto_enari_1", "Projeto_enari_1.csproj", "{511C8220-B744-49CB-9764-44EBE18C1FB8}"
EndProject
Global
	GlobalSection(SolutionConfigurationPlatforms) = preSolution
		Debug|Any CPU = Debug|Any CPU
		Release|Any CPU = Release|Any CPU
	EndGlobalSection
	GlobalSection(ProjectConfigurationPlatforms) = postSolution
		{511C8220-B744-49CB-9764-44EBE18C1FB8}.Debug|Any CPU.ActiveCfg = Debug|Any CPU
		{511C8220-B744-49CB-9764-44EBE18C1FB8}.Debug|Any CPU.Build.0 = Debug|Any CPU
		{511C8220-B744-49CB-9764-44EBE18C1FB8}.Release|Any CPU.ActiveCfg = Release|Any CPU
		{511C8220-B744-49CB-9764-44EBE18C1FB8}.Release|Any CPU.Build.0 = Release|Any CPU
	EndGlobalSection
	GlobalSection(SolutionProperties) = preSolution
		HideSolutionNode = FALSE
	EndGlobalSection
	GlobalSection(ExtensibilityGlobals) = postSolution
		SolutionGuid = {FEF5043B-B2A9-4CE6-B0B5-3E6850D77508}
	EndGlobalSection
EndGlobal
